// !$*UTF8*$!
{
	archiveVersion = 1;
	classes = {
	};
	objectVersion = 56;
	objects = {

/* Begin PBXBuildFile section */
		814296602BA0F58D007409E6 /* SlotMachineApp.swift in Sources */ = {isa = PBXBuildFile; fileRef = 8142965F2BA0F58D007409E6 /* SlotMachineApp.swift */; };
		814296622BA0F58D007409E6 /* ContentView.swift in Sources */ = {isa = PBXBuildFile; fileRef = 814296612BA0F58D007409E6 /* ContentView.swift */; };
		814296642BA0F58E007409E6 /* Assets.xcassets in Resources */ = {isa = PBXBuildFile; fileRef = 814296632BA0F58E007409E6 /* Assets.xcassets */; };
		814296672BA0F58E007409E6 /* Preview Assets.xcassets in Resources */ = {isa = PBXBuildFile; fileRef = 814296662BA0F58E007409E6 /* Preview Assets.xcassets */; };
		814296752BA0F5DA007409E6 /* high-score.mp3 in Resources */ = {isa = PBXBuildFile; fileRef = 8142966D2BA0F5DA007409E6 /* high-score.mp3 */; };
		814296762BA0F5DA007409E6 /* background-music.mp3 in Resources */ = {isa = PBXBuildFile; fileRef = 8142966E2BA0F5DA007409E6 /* background-music.mp3 */; };
		814296772BA0F5DA007409E6 /* game-over.mp3 in Resources */ = {isa = PBXBuildFile; fileRef = 8142966F2BA0F5DA007409E6 /* game-over.mp3 */; };
		814296782BA0F5DA007409E6 /* riseup.mp3 in Resources */ = {isa = PBXBuildFile; fileRef = 814296702BA0F5DA007409E6 /* riseup.mp3 */; };
		814296792BA0F5DA007409E6 /* casino-chips.mp3 in Resources */ = {isa = PBXBuildFile; fileRef = 814296712BA0F5DA007409E6 /* casino-chips.mp3 */; };
		8142967A2BA0F5DA007409E6 /* chimeup.mp3 in Resources */ = {isa = PBXBuildFile; fileRef = 814296722BA0F5DA007409E6 /* chimeup.mp3 */; };
		8142967B2BA0F5DA007409E6 /* spin.mp3 in Resources */ = {isa = PBXBuildFile; fileRef = 814296732BA0F5DA007409E6 /* spin.mp3 */; };
		8142967C2BA0F5DA007409E6 /* win.mp3 in Resources */ = {isa = PBXBuildFile; fileRef = 814296742BA0F5DA007409E6 /* win.mp3 */; };
		814296812BA0F67B007409E6 /* Launch Screen.storyboard in Resources */ = {isa = PBXBuildFile; fileRef = 814296802BA0F67B007409E6 /* Launch Screen.storyboard */; };
		814296832BA1A160007409E6 /* LogoView.swift in Sources */ = {isa = PBXBuildFile; fileRef = 814296822BA1A160007409E6 /* LogoView.swift */; };
		814296852BA1A19A007409E6 /* ShadowModifier.swift in Sources */ = {isa = PBXBuildFile; fileRef = 814296842BA1A19A007409E6 /* ShadowModifier.swift */; };
		814296872BA1A5F3007409E6 /* Extension.swift in Sources */ = {isa = PBXBuildFile; fileRef = 814296862BA1A5F3007409E6 /* Extension.swift */; };
		8142968A2BA1A97E007409E6 /* ReelView.swift in Sources */ = {isa = PBXBuildFile; fileRef = 814296892BA1A97E007409E6 /* ReelView.swift */; };
		81A351632BA1AFAC00A25206 /* ReelWithImage.swift in Sources */ = {isa = PBXBuildFile; fileRef = 81A351622BA1AFAC00A25206 /* ReelWithImage.swift */; };
		81A351652BA44FE600A25206 /* InfoView.swift in Sources */ = {isa = PBXBuildFile; fileRef = 81A351642BA44FE600A25206 /* InfoView.swift */; };
		81A351672BA853A500A25206 /* PlaySound.swift in Sources */ = {isa = PBXBuildFile; fileRef = 81A351662BA853A500A25206 /* PlaySound.swift */; };
/* End PBXBuildFile section */

/* Begin PBXFileReference section */
		8142965C2BA0F58D007409E6 /* SlotMachine.app */ = {isa = PBXFileReference; explicitFileType = wrapper.application; includeInIndex = 0; path = SlotMachine.app; sourceTree = BUILT_PRODUCTS_DIR; };
		8142965F2BA0F58D007409E6 /* SlotMachineApp.swift */ = {isa = PBXFileReference; lastKnownFileType = sourcecode.swift; path = SlotMachineApp.swift; sourceTree = "<group>"; };
		814296612BA0F58D007409E6 /* ContentView.swift */ = {isa = PBXFileReference; lastKnownFileType = sourcecode.swift; path = ContentView.swift; sourceTree = "<group>"; };
		814296632BA0F58E007409E6 /* Assets.xcassets */ = {isa = PBXFileReference; lastKnownFileType = folder.assetcatalog; path = Assets.xcassets; sourceTree = "<group>"; };
		814296662BA0F58E007409E6 /* Preview Assets.xcassets */ = {isa = PBXFileReference; lastKnownFileType = folder.assetcatalog; path = "Preview Assets.xcassets"; sourceTree = "<group>"; };
		8142966D2BA0F5DA007409E6 /* high-score.mp3 */ = {isa = PBXFileReference; lastKnownFileType = audio.mp3; path = "high-score.mp3"; sourceTree = "<group>"; };
		8142966E2BA0F5DA007409E6 /* background-music.mp3 */ = {isa = PBXFileReference; lastKnownFileType = audio.mp3; path = "background-music.mp3"; sourceTree = "<group>"; };
		8142966F2BA0F5DA007409E6 /* game-over.mp3 */ = {isa = PBXFileReference; lastKnownFileType = audio.mp3; path = "game-over.mp3"; sourceTree = "<group>"; };
		814296702BA0F5DA007409E6 /* riseup.mp3 */ = {isa = PBXFileReference; lastKnownFileType = audio.mp3; path = riseup.mp3; sourceTree = "<group>"; };
		814296712BA0F5DA007409E6 /* casino-chips.mp3 */ = {isa = PBXFileReference; lastKnownFileType = audio.mp3; path = "casino-chips.mp3"; sourceTree = "<group>"; };
		814296722BA0F5DA007409E6 /* chimeup.mp3 */ = {isa = PBXFileReference; lastKnownFileType = audio.mp3; path = chimeup.mp3; sourceTree = "<group>"; };
		814296732BA0F5DA007409E6 /* spin.mp3 */ = {isa = PBXFileReference; lastKnownFileType = audio.mp3; path = spin.mp3; sourceTree = "<group>"; };
		814296742BA0F5DA007409E6 /* win.mp3 */ = {isa = PBXFileReference; lastKnownFileType = audio.mp3; path = win.mp3; sourceTree = "<group>"; };
		814296802BA0F67B007409E6 /* Launch Screen.storyboard */ = {isa = PBXFileReference; lastKnownFileType = file.storyboard; path = "Launch Screen.storyboard"; sourceTree = "<group>"; };
		814296822BA1A160007409E6 /* LogoView.swift */ = {isa = PBXFileReference; lastKnownFileType = sourcecode.swift; path = LogoView.swift; sourceTree = "<group>"; };
		814296842BA1A19A007409E6 /* ShadowModifier.swift */ = {isa = PBXFileReference; lastKnownFileType = sourcecode.swift; path = ShadowModifier.swift; sourceTree = "<group>"; };
		814296862BA1A5F3007409E6 /* Extension.swift */ = {isa = PBXFileReference; lastKnownFileType = sourcecode.swift; path = Extension.swift; sourceTree = "<group>"; };
		814296892BA1A97E007409E6 /* ReelView.swift */ = {isa = PBXFileReference; lastKnownFileType = sourcecode.swift; path = ReelView.swift; sourceTree = "<group>"; };
		81A351622BA1AFAC00A25206 /* ReelWithImage.swift */ = {isa = PBXFileReference; lastKnownFileType = sourcecode.swift; path = ReelWithImage.swift; sourceTree = "<group>"; };
		81A351642BA44FE600A25206 /* InfoView.swift */ = {isa = PBXFileReference; lastKnownFileType = sourcecode.swift; path = InfoView.swift; sourceTree = "<group>"; };
		81A351662BA853A500A25206 /* PlaySound.swift */ = {isa = PBXFileReference; lastKnownFileType = sourcecode.swift; path = PlaySound.swift; sourceTree = "<group>"; };
/* End PBXFileReference section */

/* Begin PBXFrameworksBuildPhase section */
		814296592BA0F58D007409E6 /* Frameworks */ = {
			isa = PBXFrameworksBuildPhase;
			buildActionMask = 2147483647;
			files = (
			);
			runOnlyForDeploymentPostprocessing = 0;
		};
/* End PBXFrameworksBuildPhase section */

/* Begin PBXGroup section */
		814296532BA0F58D007409E6 = {
			isa = PBXGroup;
			children = (
				8142965E2BA0F58D007409E6 /* SlotMachine */,
				8142965D2BA0F58D007409E6 /* Products */,
			);
			sourceTree = "<group>";
		};
		8142965D2BA0F58D007409E6 /* Products */ = {
			isa = PBXGroup;
			children = (
				8142965C2BA0F58D007409E6 /* SlotMachine.app */,
			);
			name = Products;
			sourceTree = "<group>";
		};
		8142965E2BA0F58D007409E6 /* SlotMachine */ = {
			isa = PBXGroup;
			children = (
				814296882BA1A82C007409E6 /* Component */,
				814296802BA0F67B007409E6 /* Launch Screen.storyboard */,
				8142967F2BA0F666007409E6 /* Helpers */,
				8142967D2BA0F5E2007409E6 /* Soounds */,
				8142965F2BA0F58D007409E6 /* SlotMachineApp.swift */,
				8142967E2BA0F5EB007409E6 /* View */,
				814296632BA0F58E007409E6 /* Assets.xcassets */,
				814296652BA0F58E007409E6 /* Preview Content */,
			);
			path = SlotMachine;
			sourceTree = "<group>";
		};
		814296652BA0F58E007409E6 /* Preview Content */ = {
			isa = PBXGroup;
			children = (
				814296662BA0F58E007409E6 /* Preview Assets.xcassets */,
			);
			path = "Preview Content";
			sourceTree = "<group>";
		};
		8142967D2BA0F5E2007409E6 /* Soounds */ = {
			isa = PBXGroup;
			children = (
				8142966E2BA0F5DA007409E6 /* background-music.mp3 */,
				814296712BA0F5DA007409E6 /* casino-chips.mp3 */,
				814296722BA0F5DA007409E6 /* chimeup.mp3 */,
				8142966F2BA0F5DA007409E6 /* game-over.mp3 */,
				8142966D2BA0F5DA007409E6 /* high-score.mp3 */,
				814296702BA0F5DA007409E6 /* riseup.mp3 */,
				814296732BA0F5DA007409E6 /* spin.mp3 */,
				814296742BA0F5DA007409E6 /* win.mp3 */,
			);
			path = Soounds;
			sourceTree = "<group>";
		};
		8142967E2BA0F5EB007409E6 /* View */ = {
			isa = PBXGroup;
			children = (
				814296612BA0F58D007409E6 /* ContentView.swift */,
				814296822BA1A160007409E6 /* LogoView.swift */,
				814296892BA1A97E007409E6 /* ReelView.swift */,
				81A351642BA44FE600A25206 /* InfoView.swift */,
			);
			path = View;
			sourceTree = "<group>";
		};
		8142967F2BA0F666007409E6 /* Helpers */ = {
			isa = PBXGroup;
			children = (
				814296842BA1A19A007409E6 /* ShadowModifier.swift */,
				814296862BA1A5F3007409E6 /* Extension.swift */,
				81A351662BA853A500A25206 /* PlaySound.swift */,
			);
			path = Helpers;
			sourceTree = "<group>";
		};
		814296882BA1A82C007409E6 /* Component */ = {
			isa = PBXGroup;
			children = (
				81A351622BA1AFAC00A25206 /* ReelWithImage.swift */,
			);
			path = Component;
			sourceTree = "<group>";
		};
/* End PBXGroup section */

/* Begin PBXNativeTarget section */
		8142965B2BA0F58D007409E6 /* SlotMachine */ = {
			isa = PBXNativeTarget;
			buildConfigurationList = 8142966A2BA0F58E007409E6 /* Build configuration list for PBXNativeTarget "SlotMachine" */;
			buildPhases = (
				814296582BA0F58D007409E6 /* Sources */,
				814296592BA0F58D007409E6 /* Frameworks */,
				8142965A2BA0F58D007409E6 /* Resources */,
			);
			buildRules = (
			);
			dependencies = (
			);
			name = SlotMachine;
			productName = SlotMachine;
			productReference = 8142965C2BA0F58D007409E6 /* SlotMachine.app */;
			productType = "com.apple.product-type.application";
		};
/* End PBXNativeTarget section */

/* Begin PBXProject section */
		814296542BA0F58D007409E6 /* Project object */ = {
			isa = PBXProject;
			attributes = {
				BuildIndependentTargetsInParallel = 1;
				LastSwiftUpdateCheck = 1530;
				LastUpgradeCheck = 1530;
				TargetAttributes = {
					8142965B2BA0F58D007409E6 = {
						CreatedOnToolsVersion = 15.3;
					};
				};
			};
			buildConfigurationList = 814296572BA0F58D007409E6 /* Build configuration list for PBXProject "SlotMachine" */;
			compatibilityVersion = "Xcode 14.0";
			developmentRegion = en;
			hasScannedForEncodings = 0;
			knownRegions = (
				en,
				Base,
			);
			mainGroup = 814296532BA0F58D007409E6;
			productRefGroup = 8142965D2BA0F58D007409E6 /* Products */;
			projectDirPath = "";
			projectRoot = "";
			targets = (
				8142965B2BA0F58D007409E6 /* SlotMachine */,
			);
		};
/* End PBXProject section */

/* Begin PBXResourcesBuildPhase section */
		8142965A2BA0F58D007409E6 /* Resources */ = {
			isa = PBXResourcesBuildPhase;
			buildActionMask = 2147483647;
			files = (
				814296782BA0F5DA007409E6 /* riseup.mp3 in Resources */,
				814296762BA0F5DA007409E6 /* background-music.mp3 in Resources */,
				8142967B2BA0F5DA007409E6 /* spin.mp3 in Resources */,
				814296772BA0F5DA007409E6 /* game-over.mp3 in Resources */,
				814296792BA0F5DA007409E6 /* casino-chips.mp3 in Resources */,
				8142967C2BA0F5DA007409E6 /* win.mp3 in Resources */,
				814296812BA0F67B007409E6 /* Launch Screen.storyboard in Resources */,
				8142967A2BA0F5DA007409E6 /* chimeup.mp3 in Resources */,
				814296672BA0F58E007409E6 /* Preview Assets.xcassets in Resources */,
				814296642BA0F58E007409E6 /* Assets.xcassets in Resources */,
				814296752BA0F5DA007409E6 /* high-score.mp3 in Resources */,
			);
			runOnlyForDeploymentPostprocessing = 0;
		};
/* End PBXResourcesBuildPhase section */

/* Begin PBXSourcesBuildPhase section */
		814296582BA0F58D007409E6 /* Sources */ = {
			isa = PBXSourcesBuildPhase;
			buildActionMask = 2147483647;
			files = (
				81A351652BA44FE600A25206 /* InfoView.swift in Sources */,
				81A351672BA853A500A25206 /* PlaySound.swift in Sources */,
				8142968A2BA1A97E007409E6 /* ReelView.swift in Sources */,
				81A351632BA1AFAC00A25206 /* ReelWithImage.swift in Sources */,
				814296872BA1A5F3007409E6 /* Extension.swift in Sources */,
				814296852BA1A19A007409E6 /* ShadowModifier.swift in Sources */,
				814296622BA0F58D007409E6 /* ContentView.swift in Sources */,
				814296832BA1A160007409E6 /* LogoView.swift in Sources */,
				814296602BA0F58D007409E6 /* SlotMachineApp.swift in Sources */,
			);
			runOnlyForDeploymentPostprocessing = 0;
		};
/* End PBXSourcesBuildPhase section */

/* Begin XCBuildConfiguration section */
		814296682BA0F58E007409E6 /* Debug */ = {
			isa = XCBuildConfiguration;
			buildSettings = {
				ALWAYS_SEARCH_USER_PATHS = NO;
				ASSETCATALOG_COMPILER_GENERATE_SWIFT_ASSET_SYMBOL_EXTENSIONS = YES;
				CLANG_ANALYZER_NONNULL = YES;
				CLANG_ANALYZER_NUMBER_OBJECT_CONVERSION = YES_AGGRESSIVE;
				CLANG_CXX_LANGUAGE_STANDARD = "gnu++20";
				CLANG_ENABLE_MODULES = YES;
				CLANG_ENABLE_OBJC_ARC = YES;
				CLANG_ENABLE_OBJC_WEAK = YES;
				CLANG_WARN_BLOCK_CAPTURE_AUTORELEASING = YES;
				CLANG_WARN_BOOL_CONVERSION = YES;
				CLANG_WARN_COMMA = YES;
				CLANG_WARN_CONSTANT_CONVERSION = YES;
				CLANG_WARN_DEPRECATED_OBJC_IMPLEMENTATIONS = YES;
				CLANG_WARN_DIRECT_OBJC_ISA_USAGE = YES_ERROR;
				CLANG_WARN_DOCUMENTATION_COMMENTS = YES;
				CLANG_WARN_EMPTY_BODY = YES;
				CLANG_WARN_ENUM_CONVERSION = YES;
				CLANG_WARN_INFINITE_RECURSION = YES;
				CLANG_WARN_INT_CONVERSION = YES;
				CLANG_WARN_NON_LITERAL_NULL_CONVERSION = YES;
				CLANG_WARN_OBJC_IMPLICIT_RETAIN_SELF = YES;
				CLANG_WARN_OBJC_LITERAL_CONVERSION = YES;
				CLANG_WARN_OBJC_ROOT_CLASS = YES_ERROR;
				CLANG_WARN_QUOTED_INCLUDE_IN_FRAMEWORK_HEADER = YES;
				CLANG_WARN_RANGE_LOOP_ANALYSIS = YES;
				CLANG_WARN_STRICT_PROTOTYPES = YES;
				CLANG_WARN_SUSPICIOUS_MOVE = YES;
				CLANG_WARN_UNGUARDED_AVAILABILITY = YES_AGGRESSIVE;
				CLANG_WARN_UNREACHABLE_CODE = YES;
				CLANG_WARN__DUPLICATE_METHOD_MATCH = YES;
				COPY_PHASE_STRIP = NO;
				DEBUG_INFORMATION_FORMAT = dwarf;
				ENABLE_STRICT_OBJC_MSGSEND = YES;
				ENABLE_TESTABILITY = YES;
				ENABLE_USER_SCRIPT_SANDBOXING = YES;
				GCC_C_LANGUAGE_STANDARD = gnu17;
				GCC_DYNAMIC_NO_PIC = NO;
				GCC_NO_COMMON_BLOCKS = YES;
				GCC_OPTIMIZATION_LEVEL = 0;
				GCC_PREPROCESSOR_DEFINITIONS = (
					"DEBUG=1",
					"$(inherited)",
				);
				GCC_WARN_64_TO_32_BIT_CONVERSION = YES;
				GCC_WARN_ABOUT_RETURN_TYPE = YES_ERROR;
				GCC_WARN_UNDECLARED_SELECTOR = YES;
				GCC_WARN_UNINITIALIZED_AUTOS = YES_AGGRESSIVE;
				GCC_WARN_UNUSED_FUNCTION = YES;
				GCC_WARN_UNUSED_VARIABLE = YES;
				IPHONEOS_DEPLOYMENT_TARGET = 17.4;
				LOCALIZATION_PREFERS_STRING_CATALOGS = YES;
				MTL_ENABLE_DEBUG_INFO = INCLUDE_SOURCE;
				MTL_FAST_MATH = YES;
				ONLY_ACTIVE_ARCH = YES;
				SDKROOT = iphoneos;
				SWIFT_ACTIVE_COMPILATION_CONDITIONS = "DEBUG $(inherited)";
				SWIFT_OPTIMIZATION_LEVEL = "-Onone";
			};
			name = Debug;
		};
		814296692BA0F58E007409E6 /* Release */ = {
			isa = XCBuildConfiguration;
			buildSettings = {
				ALWAYS_SEARCH_USER_PATHS = NO;
				ASSETCATALOG_COMPILER_GENERATE_SWIFT_ASSET_SYMBOL_EXTENSIONS = YES;
				CLANG_ANALYZER_NONNULL = YES;
				CLANG_ANALYZER_NUMBER_OBJECT_CONVERSION = YES_AGGRESSIVE;
				CLANG_CXX_LANGUAGE_STANDARD = "gnu++20";
				CLANG_ENABLE_MODULES = YES;
				CLANG_ENABLE_OBJC_ARC = YES;
				CLANG_ENABLE_OBJC_WEAK = YES;
				CLANG_WARN_BLOCK_CAPTURE_AUTORELEASING = YES;
				CLANG_WARN_BOOL_CONVERSION = YES;
				CLANG_WARN_COMMA = YES;
				CLANG_WARN_CONSTANT_CONVERSION = YES;
				CLANG_WARN_DEPRECATED_OBJC_IMPLEMENTATIONS = YES;
				CLANG_WARN_DIRECT_OBJC_ISA_USAGE = YES_ERROR;
				CLANG_WARN_DOCUMENTATION_COMMENTS = YES;
				CLANG_WARN_EMPTY_BODY = YES;
				CLANG_WARN_ENUM_CONVERSION = YES;
				CLANG_WARN_INFINITE_RECURSION = YES;
				CLANG_WARN_INT_CONVERSION = YES;
				CLANG_WARN_NON_LITERAL_NULL_CONVERSION = YES;
				CLANG_WARN_OBJC_IMPLICIT_RETAIN_SELF = YES;
				CLANG_WARN_OBJC_LITERAL_CONVERSION = YES;
				CLANG_WARN_OBJC_ROOT_CLASS = YES_ERROR;
				CLANG_WARN_QUOTED_INCLUDE_IN_FRAMEWORK_HEADER = YES;
				CLANG_WARN_RANGE_LOOP_ANALYSIS = YES;
				CLANG_WARN_STRICT_PROTOTYPES = YES;
				CLANG_WARN_SUSPICIOUS_MOVE = YES;
				CLANG_WARN_UNGUARDED_AVAILABILITY = YES_AGGRESSIVE;
				CLANG_WARN_UNREACHABLE_CODE = YES;
				CLANG_WARN__DUPLICATE_METHOD_MATCH = YES;
				COPY_PHASE_STRIP = NO;
				DEBUG_INFORMATION_FORMAT = "dwarf-with-dsym";
				ENABLE_NS_ASSERTIONS = NO;
				ENABLE_STRICT_OBJC_MSGSEND = YES;
				ENABLE_USER_SCRIPT_SANDBOXING = YES;
				GCC_C_LANGUAGE_STANDARD = gnu17;
				GCC_NO_COMMON_BLOCKS = YES;
				GCC_WARN_64_TO_32_BIT_CONVERSION = YES;
				GCC_WARN_ABOUT_RETURN_TYPE = YES_ERROR;
				GCC_WARN_UNDECLARED_SELECTOR = YES;
				GCC_WARN_UNINITIALIZED_AUTOS = YES_AGGRESSIVE;
				GCC_WARN_UNUSED_FUNCTION = YES;
				GCC_WARN_UNUSED_VARIABLE = YES;
				IPHONEOS_DEPLOYMENT_TARGET = 17.4;
				LOCALIZATION_PREFERS_STRING_CATALOGS = YES;
				MTL_ENABLE_DEBUG_INFO = NO;
				MTL_FAST_MATH = YES;
				SDKROOT = iphoneos;
				SWIFT_COMPILATION_MODE = wholemodule;
				VALIDATE_PRODUCT = YES;
			};
			name = Release;
		};
		8142966B2BA0F58E007409E6 /* Debug */ = {
			isa = XCBuildConfiguration;
			buildSettings = {
				ASSETCATALOG_COMPILER_APPICON_NAME = AppIcon;
				ASSETCATALOG_COMPILER_GLOBAL_ACCENT_COLOR_NAME = AccentColor;
				CODE_SIGN_STYLE = Automatic;
				CURRENT_PROJECT_VERSION = 1;
				DEVELOPMENT_ASSET_PATHS = "\"SlotMachine/Preview Content\"";
				ENABLE_PREVIEWS = YES;
				GENERATE_INFOPLIST_FILE = YES;
				INFOPLIST_KEY_UIApplicationSceneManifest_Generation = YES;
				INFOPLIST_KEY_UIApplicationSupportsIndirectInputEvents = YES;
				INFOPLIST_KEY_UILaunchScreen_Generation = YES;
				INFOPLIST_KEY_UISupportedInterfaceOrientations_iPad = "UIInterfaceOrientationPortrait UIInterfaceOrientationPortraitUpsideDown UIInterfaceOrientationLandscapeLeft UIInterfaceOrientationLandscapeRight";
				INFOPLIST_KEY_UISupportedInterfaceOrientations_iPhone = "UIInterfaceOrientationPortrait UIInterfaceOrientationLandscapeLeft UIInterfaceOrientationLandscapeRight";
				LD_RUNPATH_SEARCH_PATHS = (
					"$(inherited)",
					"@executable_path/Frameworks",
				);
				MARKETING_VERSION = 1.0;
				PRODUCT_BUNDLE_IDENTIFIER = aoo.SlotMachine;
				PRODUCT_NAME = "$(TARGET_NAME)";
				SWIFT_EMIT_LOC_STRINGS = YES;
				SWIFT_VERSION = 5.0;
				TARGETED_DEVICE_FAMILY = "1,2";
			};
			name = Debug;
		};
		8142966C2BA0F58E007409E6 /* Release */ = {
			isa = XCBuildConfiguration;
			buildSettings = {
				ASSETCATALOG_COMPILER_APPICON_NAME = AppIcon;
				ASSETCATALOG_COMPILER_GLOBAL_ACCENT_COLOR_NAME = AccentColor;
				CODE_SIGN_STYLE = Automatic;
				CURRENT_PROJECT_VERSION = 1;
				DEVELOPMENT_ASSET_PATHS = "\"SlotMachine/Preview Content\"";
				ENABLE_PREVIEWS = YES;
				GENERATE_INFOPLIST_FILE = YES;
				INFOPLIST_KEY_UIApplicationSceneManifest_Generation = YES;
				INFOPLIST_KEY_UIApplicationSupportsIndirectInputEvents = YES;
				INFOPLIST_KEY_UILaunchScreen_Generation = YES;
				INFOPLIST_KEY_UISupportedInterfaceOrientations_iPad = "UIInterfaceOrientationPortrait UIInterfaceOrientationPortraitUpsideDown UIInterfaceOrientationLandscapeLeft UIInterfaceOrientationLandscapeRight";
				INFOPLIST_KEY_UISupportedInterfaceOrientations_iPhone = "UIInterfaceOrientationPortrait UIInterfaceOrientationLandscapeLeft UIInterfaceOrientationLandscapeRight";
				LD_RUNPATH_SEARCH_PATHS = (
					"$(inherited)",
					"@executable_path/Frameworks",
				);
				MARKETING_VERSION = 1.0;
				PRODUCT_BUNDLE_IDENTIFIER = aoo.SlotMachine;
				PRODUCT_NAME = "$(TARGET_NAME)";
				SWIFT_EMIT_LOC_STRINGS = YES;
				SWIFT_VERSION = 5.0;
				TARGETED_DEVICE_FAMILY = "1,2";
			};
			name = Release;
		};
/* End XCBuildConfiguration section */

/* Begin XCConfigurationList section */
		814296572BA0F58D007409E6 /* Build configuration list for PBXProject "SlotMachine" */ = {
			isa = XCConfigurationList;
			buildConfigurations = (
				814296682BA0F58E007409E6 /* Debug */,
				814296692BA0F58E007409E6 /* Release */,
			);
			defaultConfigurationIsVisible = 0;
			defaultConfigurationName = Release;
		};
		8142966A2BA0F58E007409E6 /* Build configuration list for PBXNativeTarget "SlotMachine" */ = {
			isa = XCConfigurationList;
			buildConfigurations = (
				8142966B2BA0F58E007409E6 /* Debug */,
				8142966C2BA0F58E007409E6 /* Release */,
			);
			defaultConfigurationIsVisible = 0;
			defaultConfigurationName = Release;
		};
/* End XCConfigurationList section */
	};
	rootObject = 814296542BA0F58D007409E6 /* Project object */;
}
